
Microsoft Visual Studio Solution File, Format Version 12.00
# Visual Studio 2012
Project("{FAE04EC0-301F-11D3-BF4B-00C04F79EFBC}") = "System.Reactive.Interfaces", "System.Reactive.Interfaces.csproj", "{D66C8F58-57E4-41A6-8AB9-8A028B3B071C}"
EndProject
Global
	GlobalSection(SolutionConfigurationPlatforms) = preSolution
		Debug|Any CPU = Debug|Any CPU
		Release|Any CPU = Release|Any CPU
	EndGlobalSection
	GlobalSection(ProjectConfigurationPlatforms) = postSolution
		{D66C8F58-57E4-41A6-8AB9-8A028B3B071C}.Debug|Any CPU.ActiveCfg = Debug|Any CPU
		{D66C8F58-57E4-41A6-8AB9-8A028B3B071C}.Debug|Any CPU.Build.0 = Debug|Any CPU
		{D66C8F58-57E4-41A6-8AB9-8A028B3B071C}.Release|Any CPU.ActiveCfg = Release|Any CPU
		{D66C8F58-57E4-41A6-8AB9-8A028B3B071C}.Release|Any CPU.Build.0 = Release|Any CPU
	EndGlobalSection
	GlobalSection(SolutionProperties) = preSolution
		HideSolutionNode = FALSE
	EndGlobalSection
EndGlobal
