
Microsoft Visual Studio Solution File, Format Version 11.00
# Visual Studio 2010
Project("{FAE04EC0-301F-11D3-BF4B-00C04F79EFBC}") = "MSS.Utils", "MSS.Utils.csproj", "{D2384645-3AEE-42A5-9463-AAE9696FE85F}"
EndProject
Global
	GlobalSection(SolutionConfigurationPlatforms) = preSolution
		Debug|Any CPU = Debug|Any CPU
		Release|Any CPU = Release|Any CPU
	EndGlobalSection
	GlobalSection(ProjectConfigurationPlatforms) = postSolution
		{D2384645-3AEE-42A5-9463-AAE9696FE85F}.Debug|Any CPU.ActiveCfg = Debug|Any CPU
		{D2384645-3AEE-42A5-9463-AAE9696FE85F}.Debug|Any CPU.Build.0 = Debug|Any CPU
		{D2384645-3AEE-42A5-9463-AAE9696FE85F}.Release|Any CPU.ActiveCfg = Release|Any CPU
		{D2384645-3AEE-42A5-9463-AAE9696FE85F}.Release|Any CPU.Build.0 = Release|Any CPU
	EndGlobalSection
	GlobalSection(SolutionProperties) = preSolution
		HideSolutionNode = FALSE
	EndGlobalSection
EndGlobal
