
Microsoft Visual Studio Solution File, Format Version 11.00
# Visual Studio 2010
Project("{FAE04EC0-301F-11D3-BF4B-00C04F79EFBC}") = "System.Web.WebPages.Razor", "System.Web.WebPages.Razor.csproj", "{5F0CDFF6-C32E-4FA1-8504-250704DD67A7}"
EndProject
Global
	GlobalSection(SolutionConfigurationPlatforms) = preSolution
		Debug|Any CPU = Debug|Any CPU
		Release|Any CPU = Release|Any CPU
	EndGlobalSection
	GlobalSection(ProjectConfigurationPlatforms) = postSolution
		{5F0CDFF6-C32E-4FA1-8504-250704DD67A7}.Debug|Any CPU.ActiveCfg = Debug|Any CPU
		{5F0CDFF6-C32E-4FA1-8504-250704DD67A7}.Debug|Any CPU.Build.0 = Debug|Any CPU
		{5F0CDFF6-C32E-4FA1-8504-250704DD67A7}.Release|Any CPU.ActiveCfg = Release|Any CPU
		{5F0CDFF6-C32E-4FA1-8504-250704DD67A7}.Release|Any CPU.Build.0 = Release|Any CPU
	EndGlobalSection
	GlobalSection(SolutionProperties) = preSolution
		HideSolutionNode = FALSE
	EndGlobalSection
EndGlobal
