
Microsoft Visual Studio Solution File, Format Version 11.00
# Visual Studio 2010
Project("{FAE04EC0-301F-11D3-BF4B-00C04F79EFBC}") = "CorporateDesign", "CorporateDesign.csproj", "{32B017DF-BF67-47FE-8A47-54DA909BA934}"
EndProject
Global
	GlobalSection(SolutionConfigurationPlatforms) = preSolution
		Debug|Any CPU = Debug|Any CPU
		Release|Any CPU = Release|Any CPU
	EndGlobalSection
	GlobalSection(ProjectConfigurationPlatforms) = postSolution
		{32B017DF-BF67-47FE-8A47-54DA909BA934}.Debug|Any CPU.ActiveCfg = Debug|Any CPU
		{32B017DF-BF67-47FE-8A47-54DA909BA934}.Debug|Any CPU.Build.0 = Debug|Any CPU
		{32B017DF-BF67-47FE-8A47-54DA909BA934}.Release|Any CPU.ActiveCfg = Release|Any CPU
		{32B017DF-BF67-47FE-8A47-54DA909BA934}.Release|Any CPU.Build.0 = Release|Any CPU
	EndGlobalSection
	GlobalSection(SolutionProperties) = preSolution
		HideSolutionNode = FALSE
	EndGlobalSection
EndGlobal
