
Microsoft Visual Studio Solution File, Format Version 11.00
# Visual Studio 2010
Project("{FAE04EC0-301F-11D3-BF4B-00C04F79EFBC}") = "Devices", "Devices.csproj", "{1002D1BC-6599-4F37-9567-3E368D943FCD}"
EndProject
Global
	GlobalSection(SolutionConfigurationPlatforms) = preSolution
		Debug|Any CPU = Debug|Any CPU
		Release|Any CPU = Release|Any CPU
	EndGlobalSection
	GlobalSection(ProjectConfigurationPlatforms) = postSolution
		{1002D1BC-6599-4F37-9567-3E368D943FCD}.Debug|Any CPU.ActiveCfg = Debug|Any CPU
		{1002D1BC-6599-4F37-9567-3E368D943FCD}.Debug|Any CPU.Build.0 = Debug|Any CPU
		{1002D1BC-6599-4F37-9567-3E368D943FCD}.Release|Any CPU.ActiveCfg = Release|Any CPU
		{1002D1BC-6599-4F37-9567-3E368D943FCD}.Release|Any CPU.Build.0 = Release|Any CPU
	EndGlobalSection
	GlobalSection(SolutionProperties) = preSolution
		HideSolutionNode = FALSE
	EndGlobalSection
EndGlobal
