
Microsoft Visual Studio Solution File, Format Version 12.00
# Visual Studio 2012
Project("{FAE04EC0-301F-11D3-BF4B-00C04F79EFBC}") = "Excel.4.5", "Excel.4.5.csproj", "{91907B47-4EAD-4409-9A4C-3E03741FA3FF}"
EndProject
Global
	GlobalSection(SolutionConfigurationPlatforms) = preSolution
		Debug|Any CPU = Debug|Any CPU
		Release|Any CPU = Release|Any CPU
	EndGlobalSection
	GlobalSection(ProjectConfigurationPlatforms) = postSolution
		{91907B47-4EAD-4409-9A4C-3E03741FA3FF}.Debug|Any CPU.ActiveCfg = Debug|Any CPU
		{91907B47-4EAD-4409-9A4C-3E03741FA3FF}.Debug|Any CPU.Build.0 = Debug|Any CPU
		{91907B47-4EAD-4409-9A4C-3E03741FA3FF}.Release|Any CPU.ActiveCfg = Release|Any CPU
		{91907B47-4EAD-4409-9A4C-3E03741FA3FF}.Release|Any CPU.Build.0 = Release|Any CPU
	EndGlobalSection
	GlobalSection(SolutionProperties) = preSolution
		HideSolutionNode = FALSE
	EndGlobalSection
EndGlobal
