
Microsoft Visual Studio Solution File, Format Version 11.00
# Visual Studio 2010
Project("{FAE04EC0-301F-11D3-BF4B-00C04F79EFBC}") = "MinomatHandler", "MinomatHandler.csproj", "{452C9251-41AA-4B3F-9523-70C74096ED1E}"
EndProject
Global
	GlobalSection(SolutionConfigurationPlatforms) = preSolution
		Debug|Any CPU = Debug|Any CPU
		Release|Any CPU = Release|Any CPU
	EndGlobalSection
	GlobalSection(ProjectConfigurationPlatforms) = postSolution
		{452C9251-41AA-4B3F-9523-70C74096ED1E}.Debug|Any CPU.ActiveCfg = Debug|Any CPU
		{452C9251-41AA-4B3F-9523-70C74096ED1E}.Debug|Any CPU.Build.0 = Debug|Any CPU
		{452C9251-41AA-4B3F-9523-70C74096ED1E}.Release|Any CPU.ActiveCfg = Release|Any CPU
		{452C9251-41AA-4B3F-9523-70C74096ED1E}.Release|Any CPU.Build.0 = Release|Any CPU
	EndGlobalSection
	GlobalSection(SolutionProperties) = preSolution
		HideSolutionNode = FALSE
	EndGlobalSection
EndGlobal
