
Microsoft Visual Studio Solution File, Format Version 11.00
# Visual Studio 2010
Project("{FAE04EC0-301F-11D3-BF4B-00C04F79EFBC}") = "GMMToMSSMigrator", "GMMToMSSMigrator.csproj", "{9641DFD5-91F5-4973-96A5-066F4AAF7068}"
EndProject
Global
	GlobalSection(SolutionConfigurationPlatforms) = preSolution
		Debug|Any CPU = Debug|Any CPU
		Release|Any CPU = Release|Any CPU
	EndGlobalSection
	GlobalSection(ProjectConfigurationPlatforms) = postSolution
		{9641DFD5-91F5-4973-96A5-066F4AAF7068}.Debug|Any CPU.ActiveCfg = Debug|Any CPU
		{9641DFD5-91F5-4973-96A5-066F4AAF7068}.Debug|Any CPU.Build.0 = Debug|Any CPU
		{9641DFD5-91F5-4973-96A5-066F4AAF7068}.Release|Any CPU.ActiveCfg = Release|Any CPU
		{9641DFD5-91F5-4973-96A5-066F4AAF7068}.Release|Any CPU.Build.0 = Release|Any CPU
	EndGlobalSection
	GlobalSection(SolutionProperties) = preSolution
		HideSolutionNode = FALSE
	EndGlobalSection
EndGlobal
