
Microsoft Visual Studio Solution File, Format Version 11.00
# Visual Studio 2010
Project("{FAE04EC0-301F-11D3-BF4B-00C04F79EFBC}") = "MinolHandler", "MinolHandler.csproj", "{D4956D36-6DA3-423F-AF9A-9B5081F45EFB}"
EndProject
Global
	GlobalSection(SolutionConfigurationPlatforms) = preSolution
		Debug|Any CPU = Debug|Any CPU
		Release|Any CPU = Release|Any CPU
	EndGlobalSection
	GlobalSection(ProjectConfigurationPlatforms) = postSolution
		{D4956D36-6DA3-423F-AF9A-9B5081F45EFB}.Debug|Any CPU.ActiveCfg = Debug|Any CPU
		{D4956D36-6DA3-423F-AF9A-9B5081F45EFB}.Debug|Any CPU.Build.0 = Debug|Any CPU
		{D4956D36-6DA3-423F-AF9A-9B5081F45EFB}.Release|Any CPU.ActiveCfg = Release|Any CPU
		{D4956D36-6DA3-423F-AF9A-9B5081F45EFB}.Release|Any CPU.Build.0 = Release|Any CPU
	EndGlobalSection
	GlobalSection(SolutionProperties) = preSolution
		HideSolutionNode = FALSE
	EndGlobalSection
EndGlobal
