
Microsoft Visual Studio Solution File, Format Version 11.00
# Visual Studio 2010
Project("{FAE04EC0-301F-11D3-BF4B-00C04F79EFBC}") = "MSS.MDMCommunication.Business", "MSS.MDMCommunication.Business.csproj", "{810AFD7B-B717-4BA8-AC89-7B26B5BB41FA}"
EndProject
Global
	GlobalSection(SolutionConfigurationPlatforms) = preSolution
		Debug|Any CPU = Debug|Any CPU
		Release|Any CPU = Release|Any CPU
	EndGlobalSection
	GlobalSection(ProjectConfigurationPlatforms) = postSolution
		{810AFD7B-B717-4BA8-AC89-7B26B5BB41FA}.Debug|Any CPU.ActiveCfg = Debug|Any CPU
		{810AFD7B-B717-4BA8-AC89-7B26B5BB41FA}.Debug|Any CPU.Build.0 = Debug|Any CPU
		{810AFD7B-B717-4BA8-AC89-7B26B5BB41FA}.Release|Any CPU.ActiveCfg = Release|Any CPU
		{810AFD7B-B717-4BA8-AC89-7B26B5BB41FA}.Release|Any CPU.Build.0 = Release|Any CPU
	EndGlobalSection
	GlobalSection(SolutionProperties) = preSolution
		HideSolutionNode = FALSE
	EndGlobalSection
EndGlobal
